
Microsoft Visual Studio Solution File, Format Version 12.00
# Visual Studio 15
VisualStudioVersion = 15.0.27703.2042
MinimumVisualStudioVersion = 10.0.40219.1
Project("{8BC9CEB8-8B4A-11D0-8D11-00A0C91BC942}") = "knight looper", "knight looper\knight looper.vcxproj", "{89789AD7-E56A-4861-89E9-E09D16DA0F33}"
EndProject
Global
	GlobalSection(SolutionConfigurationPlatforms) = preSolution
		Debug|x64 = Debug|x64
		Debug|x86 = Debug|x86
		Release|x64 = Release|x64
		Release|x86 = Release|x86
	EndGlobalSection
	GlobalSection(ProjectConfigurationPlatforms) = postSolution
		{89789AD7-E56A-4861-89E9-E09D16DA0F33}.Debug|x64.ActiveCfg = Debug|x64
		{89789AD7-E56A-4861-89E9-E09D16DA0F33}.Debug|x64.Build.0 = Debug|x64
		{89789AD7-E56A-4861-89E9-E09D16DA0F33}.Debug|x86.ActiveCfg = Debug|Win32
		{89789AD7-E56A-4861-89E9-E09D16DA0F33}.Debug|x86.Build.0 = Debug|Win32
		{89789AD7-E56A-4861-89E9-E09D16DA0F33}.Release|x64.ActiveCfg = Release|x64
		{89789AD7-E56A-4861-89E9-E09D16DA0F33}.Release|x64.Build.0 = Release|x64
		{89789AD7-E56A-4861-89E9-E09D16DA0F33}.Release|x86.ActiveCfg = Release|Win32
		{89789AD7-E56A-4861-89E9-E09D16DA0F33}.Release|x86.Build.0 = Release|Win32
	EndGlobalSection
	GlobalSection(SolutionProperties) = preSolution
		HideSolutionNode = FALSE
	EndGlobalSection
	GlobalSection(ExtensibilityGlobals) = postSolution
		SolutionGuid = {27AB442D-3E01-40FA-9817-3F74E4148438}
	EndGlobalSection
EndGlobal
